
Microsoft Visual Studio Solution File, Format Version 11.00
# Visual Studio 2010
Project("{FAE04EC0-301F-11D3-BF4B-00C04F79EFBC}") = "Node", "Node.csproj", "{9A5CF88C-1119-4DE7-9F34-B9BF9807759B}"
EndProject
Global
	GlobalSection(SolutionConfigurationPlatforms) = preSolution
		Debug|Any CPU = Debug|Any CPU
		Release|Any CPU = Release|Any CPU
	EndGlobalSection
	GlobalSection(ProjectConfigurationPlatforms) = postSolution
		{9A5CF88C-1119-4DE7-9F34-B9BF9807759B}.Debug|Any CPU.ActiveCfg = Debug|Any CPU
		{9A5CF88C-1119-4DE7-9F34-B9BF9807759B}.Debug|Any CPU.Build.0 = Debug|Any CPU
		{9A5CF88C-1119-4DE7-9F34-B9BF9807759B}.Debug|Any CPU.Deploy.0 = Debug|Any CPU
		{9A5CF88C-1119-4DE7-9F34-B9BF9807759B}.Release|Any CPU.ActiveCfg = Release|Any CPU
		{9A5CF88C-1119-4DE7-9F34-B9BF9807759B}.Release|Any CPU.Build.0 = Release|Any CPU
		{9A5CF88C-1119-4DE7-9F34-B9BF9807759B}.Release|Any CPU.Deploy.0 = Release|Any CPU
	EndGlobalSection
	GlobalSection(SolutionProperties) = preSolution
		HideSolutionNode = FALSE
	EndGlobalSection
EndGlobal
